
Microsoft Visual Studio Solution File, Format Version 12.00
# Visual Studio Version 17
VisualStudioVersion = 17.10.35122.118
MinimumVisualStudioVersion = 10.0.40219.1
Project("{FAE04EC0-301F-11D3-BF4B-00C04F79EFBC}") = "CreditCardRewardPointsCalculator", "CreditCardRewardPointsCalculator.csproj", "{8189B486-CF7F-470D-9086-8297AD4D7FA7}"
EndProject
Global
	GlobalSection(SolutionConfigurationPlatforms) = preSolution
		Debug|Any CPU = Debug|Any CPU
		Release|Any CPU = Release|Any CPU
	EndGlobalSection
	GlobalSection(ProjectConfigurationPlatforms) = postSolution
		{8189B486-CF7F-470D-9086-8297AD4D7FA7}.Debug|Any CPU.ActiveCfg = Debug|Any CPU
		{8189B486-CF7F-470D-9086-8297AD4D7FA7}.Debug|Any CPU.Build.0 = Debug|Any CPU
		{8189B486-CF7F-470D-9086-8297AD4D7FA7}.Release|Any CPU.ActiveCfg = Release|Any CPU
		{8189B486-CF7F-470D-9086-8297AD4D7FA7}.Release|Any CPU.Build.0 = Release|Any CPU
	EndGlobalSection
	GlobalSection(SolutionProperties) = preSolution
		HideSolutionNode = FALSE
	EndGlobalSection
	GlobalSection(ExtensibilityGlobals) = postSolution
		SolutionGuid = {53E42311-077C-4972-8558-AB5FAF0A5BF4}
	EndGlobalSection
EndGlobal
